
Microsoft Visual Studio Solution File, Format Version 12.00
# Visual Studio Version 16
VisualStudioVersion = 16.0.29613.14
MinimumVisualStudioVersion = 10.0.40219.1
Project("{FAE04EC0-301F-11D3-BF4B-00C04F79EFBC}") = "MigrationsMiercoles", "MigrationsMiercoles\MigrationsMiercoles.csproj", "{61788EE2-B1A0-4D7A-AE0F-3B33AE9E335B}"
EndProject
Project("{FAE04EC0-301F-11D3-BF4B-00C04F79EFBC}") = "codeFirst", "codeFirst\codeFirst.csproj", "{1B4F3EFF-1A6C-446D-830F-FEB8A3A1AE70}"
EndProject
Global
	GlobalSection(SolutionConfigurationPlatforms) = preSolution
		Debug|Any CPU = Debug|Any CPU
		Release|Any CPU = Release|Any CPU
	EndGlobalSection
	GlobalSection(ProjectConfigurationPlatforms) = postSolution
		{61788EE2-B1A0-4D7A-AE0F-3B33AE9E335B}.Debug|Any CPU.ActiveCfg = Debug|Any CPU
		{61788EE2-B1A0-4D7A-AE0F-3B33AE9E335B}.Debug|Any CPU.Build.0 = Debug|Any CPU
		{61788EE2-B1A0-4D7A-AE0F-3B33AE9E335B}.Release|Any CPU.ActiveCfg = Release|Any CPU
		{61788EE2-B1A0-4D7A-AE0F-3B33AE9E335B}.Release|Any CPU.Build.0 = Release|Any CPU
		{1B4F3EFF-1A6C-446D-830F-FEB8A3A1AE70}.Debug|Any CPU.ActiveCfg = Debug|Any CPU
		{1B4F3EFF-1A6C-446D-830F-FEB8A3A1AE70}.Debug|Any CPU.Build.0 = Debug|Any CPU
		{1B4F3EFF-1A6C-446D-830F-FEB8A3A1AE70}.Release|Any CPU.ActiveCfg = Release|Any CPU
		{1B4F3EFF-1A6C-446D-830F-FEB8A3A1AE70}.Release|Any CPU.Build.0 = Release|Any CPU
	EndGlobalSection
	GlobalSection(SolutionProperties) = preSolution
		HideSolutionNode = FALSE
	EndGlobalSection
	GlobalSection(ExtensibilityGlobals) = postSolution
		SolutionGuid = {B3203544-B008-4439-B9C7-9F74FEA7FBC4}
	EndGlobalSection
EndGlobal
